
Microsoft Visual Studio Solution File, Format Version 12.00
# Visual Studio 15
VisualStudioVersion = 15.0.27703.2035
MinimumVisualStudioVersion = 10.0.40219.1
Project("{FAE04EC0-301F-11D3-BF4B-00C04F79EFBC}") = "Existek_Lesson1_1", "Existek_Lesson1_1\Existek_Lesson1_1.csproj", "{75BCE17A-D609-48D4-BCD0-AE94E20A368B}"
EndProject
Global
	GlobalSection(SolutionConfigurationPlatforms) = preSolution
		Debug|Any CPU = Debug|Any CPU
		Release|Any CPU = Release|Any CPU
	EndGlobalSection
	GlobalSection(ProjectConfigurationPlatforms) = postSolution
		{75BCE17A-D609-48D4-BCD0-AE94E20A368B}.Debug|Any CPU.ActiveCfg = Debug|Any CPU
		{75BCE17A-D609-48D4-BCD0-AE94E20A368B}.Debug|Any CPU.Build.0 = Debug|Any CPU
		{75BCE17A-D609-48D4-BCD0-AE94E20A368B}.Release|Any CPU.ActiveCfg = Release|Any CPU
		{75BCE17A-D609-48D4-BCD0-AE94E20A368B}.Release|Any CPU.Build.0 = Release|Any CPU
	EndGlobalSection
	GlobalSection(SolutionProperties) = preSolution
		HideSolutionNode = FALSE
	EndGlobalSection
	GlobalSection(ExtensibilityGlobals) = postSolution
		SolutionGuid = {78FF16B3-A7E3-4419-A551-10B3E33D1340}
	EndGlobalSection
EndGlobal
